{
  "name": "mayorwardprodsports",
  "version": "1.0.0",
  "lockfileVersion": 3,
  "requires": true,
  "packages": {
    "": {
      "name": "mayorwardprodsports",
      "version": "1.0.0",
      "dependencies": {
        "express": "^4.18.2",
        "node-fetch": "^2.6.11"
      }
    },
    "node_modules/express": {
      "version": "4.18.2",
      "resolved": "https://registry.npmjs.org/express/-/express-4.18.2.tgz"
    },
    "node_modules/node-fetch": {
      "version": "2.6.11",
      "resolved": "https://registry.npmjs.org/node-fetch/-/node-fetch-2.6.11.tgz"
    }
  }
}
